
Microsoft Visual Studio Solution File, Format Version 12.00
# Visual Studio Version 17
VisualStudioVersion = 17.0.32014.148
MinimumVisualStudioVersion = 10.0.40219.1
Project("{8BC9CEB8-8B4A-11D0-8D11-00A0C91BC942}") = "AcademyInClass", "AcademyInClass.vcxproj", "{49245824-F222-4DF4-8FD1-CBDAD653DC05}"
EndProject
Global
	GlobalSection(SolutionConfigurationPlatforms) = preSolution
		Debug|x64 = Debug|x64
		Debug|x86 = Debug|x86
		Release|x64 = Release|x64
		Release|x86 = Release|x86
	EndGlobalSection
	GlobalSection(ProjectConfigurationPlatforms) = postSolution
		{49245824-F222-4DF4-8FD1-CBDAD653DC05}.Debug|x64.ActiveCfg = Debug|x64
		{49245824-F222-4DF4-8FD1-CBDAD653DC05}.Debug|x64.Build.0 = Debug|x64
		{49245824-F222-4DF4-8FD1-CBDAD653DC05}.Debug|x86.ActiveCfg = Debug|Win32
		{49245824-F222-4DF4-8FD1-CBDAD653DC05}.Debug|x86.Build.0 = Debug|Win32
		{49245824-F222-4DF4-8FD1-CBDAD653DC05}.Release|x64.ActiveCfg = Release|x64
		{49245824-F222-4DF4-8FD1-CBDAD653DC05}.Release|x64.Build.0 = Release|x64
		{49245824-F222-4DF4-8FD1-CBDAD653DC05}.Release|x86.ActiveCfg = Release|Win32
		{49245824-F222-4DF4-8FD1-CBDAD653DC05}.Release|x86.Build.0 = Release|Win32
	EndGlobalSection
	GlobalSection(SolutionProperties) = preSolution
		HideSolutionNode = FALSE
	EndGlobalSection
	GlobalSection(ExtensibilityGlobals) = postSolution
		SolutionGuid = {604A1C33-5A9A-4070-BD3E-68B0F41838DE}
	EndGlobalSection
EndGlobal
